
Microsoft Visual Studio Solution File, Format Version 12.00
# Visual Studio Version 17
VisualStudioVersion = 17.1.32210.238
MinimumVisualStudioVersion = 10.0.40219.1
Project("{FAE04EC0-301F-11D3-BF4B-00C04F79EFBC}") = "c sharp project for marks", "c sharp project for marks\c sharp project for marks.csproj", "{31857A63-8D03-4A0E-8AF2-EE7440155161}"
EndProject
Global
	GlobalSection(SolutionConfigurationPlatforms) = preSolution
		Debug|Any CPU = Debug|Any CPU
		Release|Any CPU = Release|Any CPU
	EndGlobalSection
	GlobalSection(ProjectConfigurationPlatforms) = postSolution
		{31857A63-8D03-4A0E-8AF2-EE7440155161}.Debug|Any CPU.ActiveCfg = Debug|Any CPU
		{31857A63-8D03-4A0E-8AF2-EE7440155161}.Debug|Any CPU.Build.0 = Debug|Any CPU
		{31857A63-8D03-4A0E-8AF2-EE7440155161}.Release|Any CPU.ActiveCfg = Release|Any CPU
		{31857A63-8D03-4A0E-8AF2-EE7440155161}.Release|Any CPU.Build.0 = Release|Any CPU
	EndGlobalSection
	GlobalSection(SolutionProperties) = preSolution
		HideSolutionNode = FALSE
	EndGlobalSection
	GlobalSection(ExtensibilityGlobals) = postSolution
		SolutionGuid = {81380E98-920A-41F9-AAC9-8D7B1F4BD862}
	EndGlobalSection
EndGlobal
